
Microsoft Visual Studio Solution File, Format Version 12.00
# Visual Studio Version 16
VisualStudioVersion = 16.0.31019.35
MinimumVisualStudioVersion = 10.0.40219.1
Project("{FAE04EC0-301F-11D3-BF4B-00C04F79EFBC}") = "Dashboard", "Dashboard.csproj", "{734F5BEE-98E9-4D45-BE6D-40D4C3DBE053}"
EndProject
Global
	GlobalSection(SolutionConfigurationPlatforms) = preSolution
		Debug|Any CPU = Debug|Any CPU
		Release|Any CPU = Release|Any CPU
	EndGlobalSection
	GlobalSection(ProjectConfigurationPlatforms) = postSolution
		{734F5BEE-98E9-4D45-BE6D-40D4C3DBE053}.Debug|Any CPU.ActiveCfg = Debug|Any CPU
		{734F5BEE-98E9-4D45-BE6D-40D4C3DBE053}.Debug|Any CPU.Build.0 = Debug|Any CPU
		{734F5BEE-98E9-4D45-BE6D-40D4C3DBE053}.Release|Any CPU.ActiveCfg = Release|Any CPU
		{734F5BEE-98E9-4D45-BE6D-40D4C3DBE053}.Release|Any CPU.Build.0 = Release|Any CPU
	EndGlobalSection
	GlobalSection(SolutionProperties) = preSolution
		HideSolutionNode = FALSE
	EndGlobalSection
	GlobalSection(ExtensibilityGlobals) = postSolution
		SolutionGuid = {A1D48298-6B87-4957-9F59-E35B9CC052B1}
	EndGlobalSection
EndGlobal
